// !$*UTF8*$!
{
	archiveVersion = 1;
	classes = {
	};
	objectVersion = 55;
	objects = {

/* Begin PBXBuildFile section */
		0A2CB5AF27148832003A4960 /* CardValueLabel.swift in Sources */ = {isa = PBXBuildFile; fileRef = 0A2CB5AE27148832003A4960 /* CardValueLabel.swift */; };
		0A2CB5B127148B7D003A4960 /* y-axis-label.swift in Sources */ = {isa = PBXBuildFile; fileRef = 0A2CB5B027148B7D003A4960 /* y-axis-label.swift */; };
		0A2CB5B327149719003A4960 /* CardView.swift in Sources */ = {isa = PBXBuildFile; fileRef = 0A2CB5B227149719003A4960 /* CardView.swift */; };
		0A2CB5B52714A545003A4960 /* PracticeView.swift in Sources */ = {isa = PBXBuildFile; fileRef = 0A2CB5B42714A545003A4960 /* PracticeView.swift */; };
		0A2CB5B82714A9A0003A4960 /* ActionAreaView.swift in Sources */ = {isa = PBXBuildFile; fileRef = 0A2CB5B72714A9A0003A4960 /* ActionAreaView.swift */; };
		0A779CD02710D9DE00026A86 /* Black_Jack_TrainerApp.swift in Sources */ = {isa = PBXBuildFile; fileRef = 0A779CCF2710D9DE00026A86 /* Black_Jack_TrainerApp.swift */; };
		0A779CD22710D9DE00026A86 /* ContentView.swift in Sources */ = {isa = PBXBuildFile; fileRef = 0A779CD12710D9DE00026A86 /* ContentView.swift */; };
		0A779CD42710D9E000026A86 /* Assets.xcassets in Resources */ = {isa = PBXBuildFile; fileRef = 0A779CD32710D9E000026A86 /* Assets.xcassets */; };
		0A779CD72710D9E000026A86 /* Preview Assets.xcassets in Resources */ = {isa = PBXBuildFile; fileRef = 0A779CD62710D9E000026A86 /* Preview Assets.xcassets */; };
		0A779CE02710DA7200026A86 /* Decision.swift in Sources */ = {isa = PBXBuildFile; fileRef = 0A779CDF2710DA7200026A86 /* Decision.swift */; };
		0A779CE22710DADA00026A86 /* Action.swift in Sources */ = {isa = PBXBuildFile; fileRef = 0A779CE12710DADA00026A86 /* Action.swift */; };
		0A779CE42710DB6D00026A86 /* CardValue.swift in Sources */ = {isa = PBXBuildFile; fileRef = 0A779CE32710DB6D00026A86 /* CardValue.swift */; };
		0AB3465F2714DD0C00806633 /* SoftDecisionView.swift in Sources */ = {isa = PBXBuildFile; fileRef = 0AB3465E2714DD0C00806633 /* SoftDecisionView.swift */; };
		0AB3466327157DDB00806633 /* DefaultDecisionView.swift in Sources */ = {isa = PBXBuildFile; fileRef = 0AB3466227157DDB00806633 /* DefaultDecisionView.swift */; };
		0AB34665271580D000806633 /* HandValueLabel.swift in Sources */ = {isa = PBXBuildFile; fileRef = 0AB34664271580D000806633 /* HandValueLabel.swift */; };
		0AB346682715A10B00806633 /* Realm in Frameworks */ = {isa = PBXBuildFile; productRef = 0AB346672715A10B00806633 /* Realm */; };
		0AB3466A2715A10B00806633 /* RealmSwift in Frameworks */ = {isa = PBXBuildFile; productRef = 0AB346692715A10B00806633 /* RealmSwift */; };
		0AB3466E2715B43400806633 /* Defaults.swift in Sources */ = {isa = PBXBuildFile; fileRef = 0AB3466D2715B43400806633 /* Defaults.swift */; };
		0AB346702715B6B800806633 /* Decisions.swift in Sources */ = {isa = PBXBuildFile; fileRef = 0AB3466F2715B6B800806633 /* Decisions.swift */; };
		0AB346722715E94400806633 /* SettingsView.swift in Sources */ = {isa = PBXBuildFile; fileRef = 0AB346712715E94400806633 /* SettingsView.swift */; };
		0AB346742715EEB000806633 /* EditDecisionCell.swift in Sources */ = {isa = PBXBuildFile; fileRef = 0AB346732715EEB000806633 /* EditDecisionCell.swift */; };
		0AB7622927144E3D00DA06A8 /* Card.swift in Sources */ = {isa = PBXBuildFile; fileRef = 0AB7622827144E3D00DA06A8 /* Card.swift */; };
		0AB7622E271456FC00DA06A8 /* DecisionCell.swift in Sources */ = {isa = PBXBuildFile; fileRef = 0AB7622D271456FC00DA06A8 /* DecisionCell.swift */; };
		0AB762302714606700DA06A8 /* SplitDecisionView.swift in Sources */ = {isa = PBXBuildFile; fileRef = 0AB7622F2714606700DA06A8 /* SplitDecisionView.swift */; };
/* End PBXBuildFile section */

/* Begin PBXFileReference section */
		0A2CB5AE27148832003A4960 /* CardValueLabel.swift */ = {isa = PBXFileReference; lastKnownFileType = sourcecode.swift; path = CardValueLabel.swift; sourceTree = "<group>"; };
		0A2CB5B027148B7D003A4960 /* y-axis-label.swift */ = {isa = PBXFileReference; lastKnownFileType = sourcecode.swift; path = "y-axis-label.swift"; sourceTree = "<group>"; };
		0A2CB5B227149719003A4960 /* CardView.swift */ = {isa = PBXFileReference; lastKnownFileType = sourcecode.swift; path = CardView.swift; sourceTree = "<group>"; };
		0A2CB5B42714A545003A4960 /* PracticeView.swift */ = {isa = PBXFileReference; lastKnownFileType = sourcecode.swift; path = PracticeView.swift; sourceTree = "<group>"; };
		0A2CB5B72714A9A0003A4960 /* ActionAreaView.swift */ = {isa = PBXFileReference; lastKnownFileType = sourcecode.swift; path = ActionAreaView.swift; sourceTree = "<group>"; };
		0A779CCC2710D9DE00026A86 /* Black Jack Trainer.app */ = {isa = PBXFileReference; explicitFileType = wrapper.application; includeInIndex = 0; path = "Black Jack Trainer.app"; sourceTree = BUILT_PRODUCTS_DIR; };
		0A779CCF2710D9DE00026A86 /* Black_Jack_TrainerApp.swift */ = {isa = PBXFileReference; lastKnownFileType = sourcecode.swift; path = Black_Jack_TrainerApp.swift; sourceTree = "<group>"; };
		0A779CD12710D9DE00026A86 /* ContentView.swift */ = {isa = PBXFileReference; lastKnownFileType = sourcecode.swift; path = ContentView.swift; sourceTree = "<group>"; };
		0A779CD32710D9E000026A86 /* Assets.xcassets */ = {isa = PBXFileReference; lastKnownFileType = folder.assetcatalog; path = Assets.xcassets; sourceTree = "<group>"; };
		0A779CD62710D9E000026A86 /* Preview Assets.xcassets */ = {isa = PBXFileReference; lastKnownFileType = folder.assetcatalog; path = "Preview Assets.xcassets"; sourceTree = "<group>"; };
		0A779CDF2710DA7200026A86 /* Decision.swift */ = {isa = PBXFileReference; lastKnownFileType = sourcecode.swift; path = Decision.swift; sourceTree = "<group>"; };
		0A779CE12710DADA00026A86 /* Action.swift */ = {isa = PBXFileReference; lastKnownFileType = sourcecode.swift; path = Action.swift; sourceTree = "<group>"; };
		0A779CE32710DB6D00026A86 /* CardValue.swift */ = {isa = PBXFileReference; lastKnownFileType = sourcecode.swift; path = CardValue.swift; sourceTree = "<group>"; };
		0AB3465E2714DD0C00806633 /* SoftDecisionView.swift */ = {isa = PBXFileReference; lastKnownFileType = sourcecode.swift; path = SoftDecisionView.swift; sourceTree = "<group>"; };
		0AB3466227157DDB00806633 /* DefaultDecisionView.swift */ = {isa = PBXFileReference; lastKnownFileType = sourcecode.swift; path = DefaultDecisionView.swift; sourceTree = "<group>"; };
		0AB34664271580D000806633 /* HandValueLabel.swift */ = {isa = PBXFileReference; lastKnownFileType = sourcecode.swift; path = HandValueLabel.swift; sourceTree = "<group>"; };
		0AB3466D2715B43400806633 /* Defaults.swift */ = {isa = PBXFileReference; lastKnownFileType = sourcecode.swift; path = Defaults.swift; sourceTree = "<group>"; };
		0AB3466F2715B6B800806633 /* Decisions.swift */ = {isa = PBXFileReference; lastKnownFileType = sourcecode.swift; path = Decisions.swift; sourceTree = "<group>"; };
		0AB346712715E94400806633 /* SettingsView.swift */ = {isa = PBXFileReference; lastKnownFileType = sourcecode.swift; path = SettingsView.swift; sourceTree = "<group>"; };
		0AB346732715EEB000806633 /* EditDecisionCell.swift */ = {isa = PBXFileReference; lastKnownFileType = sourcecode.swift; path = EditDecisionCell.swift; sourceTree = "<group>"; };
		0AB7622827144E3D00DA06A8 /* Card.swift */ = {isa = PBXFileReference; lastKnownFileType = sourcecode.swift; path = Card.swift; sourceTree = "<group>"; };
		0AB7622D271456FC00DA06A8 /* DecisionCell.swift */ = {isa = PBXFileReference; lastKnownFileType = sourcecode.swift; path = DecisionCell.swift; sourceTree = "<group>"; };
		0AB7622F2714606700DA06A8 /* SplitDecisionView.swift */ = {isa = PBXFileReference; lastKnownFileType = sourcecode.swift; path = SplitDecisionView.swift; sourceTree = "<group>"; };
/* End PBXFileReference section */

/* Begin PBXFrameworksBuildPhase section */
		0A779CC92710D9DE00026A86 /* Frameworks */ = {
			isa = PBXFrameworksBuildPhase;
			buildActionMask = 2147483647;
			files = (
				0AB3466A2715A10B00806633 /* RealmSwift in Frameworks */,
				0AB346682715A10B00806633 /* Realm in Frameworks */,
			);
			runOnlyForDeploymentPostprocessing = 0;
		};
/* End PBXFrameworksBuildPhase section */

/* Begin PBXGroup section */
		0A2CB5B62714A97D003A4960 /* ActionArea */ = {
			isa = PBXGroup;
			children = (
				0A2CB5B72714A9A0003A4960 /* ActionAreaView.swift */,
			);
			path = ActionArea;
			sourceTree = "<group>";
		};
		0A779CC32710D9DE00026A86 = {
			isa = PBXGroup;
			children = (
				0A779CCE2710D9DE00026A86 /* Black Jack Trainer */,
				0A779CCD2710D9DE00026A86 /* Products */,
			);
			sourceTree = "<group>";
		};
		0A779CCD2710D9DE00026A86 /* Products */ = {
			isa = PBXGroup;
			children = (
				0A779CCC2710D9DE00026A86 /* Black Jack Trainer.app */,
			);
			name = Products;
			sourceTree = "<group>";
		};
		0A779CCE2710D9DE00026A86 /* Black Jack Trainer */ = {
			isa = PBXGroup;
			children = (
				0A779CCF2710D9DE00026A86 /* Black_Jack_TrainerApp.swift */,
				0A779CDD2710DA0800026A86 /* Views */,
				0A779CDE2710DA1D00026A86 /* Model */,
				0A779CD32710D9E000026A86 /* Assets.xcassets */,
				0A779CD52710D9E000026A86 /* Preview Content */,
			);
			path = "Black Jack Trainer";
			sourceTree = "<group>";
		};
		0A779CD52710D9E000026A86 /* Preview Content */ = {
			isa = PBXGroup;
			children = (
				0A779CD62710D9E000026A86 /* Preview Assets.xcassets */,
			);
			path = "Preview Content";
			sourceTree = "<group>";
		};
		0A779CDD2710DA0800026A86 /* Views */ = {
			isa = PBXGroup;
			children = (
				0A779CD12710D9DE00026A86 /* ContentView.swift */,
				0A2CB5B42714A545003A4960 /* PracticeView.swift */,
				0A2CB5B62714A97D003A4960 /* ActionArea */,
				0AB7622A271456BE00DA06A8 /* Decision Matrix */,
				0A2CB5B227149719003A4960 /* CardView.swift */,
				0AB346712715E94400806633 /* SettingsView.swift */,
			);
			path = Views;
			sourceTree = "<group>";
		};
		0A779CDE2710DA1D00026A86 /* Model */ = {
			isa = PBXGroup;
			children = (
				0AB3466D2715B43400806633 /* Defaults.swift */,
				0AB7622827144E3D00DA06A8 /* Card.swift */,
				0A779CE32710DB6D00026A86 /* CardValue.swift */,
				0A779CE12710DADA00026A86 /* Action.swift */,
				0A779CDF2710DA7200026A86 /* Decision.swift */,
				0AB3466F2715B6B800806633 /* Decisions.swift */,
			);
			path = Model;
			sourceTree = "<group>";
		};
		0AB7622A271456BE00DA06A8 /* Decision Matrix */ = {
			isa = PBXGroup;
			children = (
				0AB7622D271456FC00DA06A8 /* DecisionCell.swift */,
				0AB346732715EEB000806633 /* EditDecisionCell.swift */,
				0A2CB5AE27148832003A4960 /* CardValueLabel.swift */,
				0AB34664271580D000806633 /* HandValueLabel.swift */,
				0A2CB5B027148B7D003A4960 /* y-axis-label.swift */,
				0AB7622F2714606700DA06A8 /* SplitDecisionView.swift */,
				0AB3465E2714DD0C00806633 /* SoftDecisionView.swift */,
				0AB3466227157DDB00806633 /* DefaultDecisionView.swift */,
			);
			path = "Decision Matrix";
			sourceTree = "<group>";
		};
/* End PBXGroup section */

/* Begin PBXNativeTarget section */
		0A779CCB2710D9DE00026A86 /* Black Jack Trainer */ = {
			isa = PBXNativeTarget;
			buildConfigurationList = 0A779CDA2710D9E000026A86 /* Build configuration list for PBXNativeTarget "Black Jack Trainer" */;
			buildPhases = (
				0A779CC82710D9DE00026A86 /* Sources */,
				0A779CC92710D9DE00026A86 /* Frameworks */,
				0A779CCA2710D9DE00026A86 /* Resources */,
			);
			buildRules = (
			);
			dependencies = (
			);
			name = "Black Jack Trainer";
			packageProductDependencies = (
				0AB346672715A10B00806633 /* Realm */,
				0AB346692715A10B00806633 /* RealmSwift */,
			);
			productName = "Black Jack Trainer";
			productReference = 0A779CCC2710D9DE00026A86 /* Black Jack Trainer.app */;
			productType = "com.apple.product-type.application";
		};
/* End PBXNativeTarget section */

/* Begin PBXProject section */
		0A779CC42710D9DE00026A86 /* Project object */ = {
			isa = PBXProject;
			attributes = {
				BuildIndependentTargetsInParallel = 1;
				LastSwiftUpdateCheck = 1300;
				LastUpgradeCheck = 1300;
				TargetAttributes = {
					0A779CCB2710D9DE00026A86 = {
						CreatedOnToolsVersion = 13.0;
					};
				};
			};
			buildConfigurationList = 0A779CC72710D9DE00026A86 /* Build configuration list for PBXProject "Black Jack Trainer" */;
			compatibilityVersion = "Xcode 13.0";
			developmentRegion = en;
			hasScannedForEncodings = 0;
			knownRegions = (
				en,
				Base,
			);
			mainGroup = 0A779CC32710D9DE00026A86;
			packageReferences = (
				0AB346662715A10B00806633 /* XCRemoteSwiftPackageReference "realm-cocoa" */,
			);
			productRefGroup = 0A779CCD2710D9DE00026A86 /* Products */;
			projectDirPath = "";
			projectRoot = "";
			targets = (
				0A779CCB2710D9DE00026A86 /* Black Jack Trainer */,
			);
		};
/* End PBXProject section */

/* Begin PBXResourcesBuildPhase section */
		0A779CCA2710D9DE00026A86 /* Resources */ = {
			isa = PBXResourcesBuildPhase;
			buildActionMask = 2147483647;
			files = (
				0A779CD72710D9E000026A86 /* Preview Assets.xcassets in Resources */,
				0A779CD42710D9E000026A86 /* Assets.xcassets in Resources */,
			);
			runOnlyForDeploymentPostprocessing = 0;
		};
/* End PBXResourcesBuildPhase section */

/* Begin PBXSourcesBuildPhase section */
		0A779CC82710D9DE00026A86 /* Sources */ = {
			isa = PBXSourcesBuildPhase;
			buildActionMask = 2147483647;
			files = (
				0A2CB5AF27148832003A4960 /* CardValueLabel.swift in Sources */,
				0A2CB5B127148B7D003A4960 /* y-axis-label.swift in Sources */,
				0A779CD22710D9DE00026A86 /* ContentView.swift in Sources */,
				0AB346702715B6B800806633 /* Decisions.swift in Sources */,
				0A779CE22710DADA00026A86 /* Action.swift in Sources */,
				0AB346742715EEB000806633 /* EditDecisionCell.swift in Sources */,
				0A779CE42710DB6D00026A86 /* CardValue.swift in Sources */,
				0AB7622E271456FC00DA06A8 /* DecisionCell.swift in Sources */,
				0AB34665271580D000806633 /* HandValueLabel.swift in Sources */,
				0A2CB5B327149719003A4960 /* CardView.swift in Sources */,
				0A779CD02710D9DE00026A86 /* Black_Jack_TrainerApp.swift in Sources */,
				0A779CE02710DA7200026A86 /* Decision.swift in Sources */,
				0A2CB5B82714A9A0003A4960 /* ActionAreaView.swift in Sources */,
				0AB3465F2714DD0C00806633 /* SoftDecisionView.swift in Sources */,
				0A2CB5B52714A545003A4960 /* PracticeView.swift in Sources */,
				0AB7622927144E3D00DA06A8 /* Card.swift in Sources */,
				0AB3466E2715B43400806633 /* Defaults.swift in Sources */,
				0AB3466327157DDB00806633 /* DefaultDecisionView.swift in Sources */,
				0AB762302714606700DA06A8 /* SplitDecisionView.swift in Sources */,
				0AB346722715E94400806633 /* SettingsView.swift in Sources */,
			);
			runOnlyForDeploymentPostprocessing = 0;
		};
/* End PBXSourcesBuildPhase section */

/* Begin XCBuildConfiguration section */
		0A779CD82710D9E000026A86 /* Debug */ = {
			isa = XCBuildConfiguration;
			buildSettings = {
				ALWAYS_SEARCH_USER_PATHS = NO;
				CLANG_ANALYZER_NONNULL = YES;
				CLANG_ANALYZER_NUMBER_OBJECT_CONVERSION = YES_AGGRESSIVE;
				CLANG_CXX_LANGUAGE_STANDARD = "gnu++17";
				CLANG_CXX_LIBRARY = "libc++";
				CLANG_ENABLE_MODULES = YES;
				CLANG_ENABLE_OBJC_ARC = YES;
				CLANG_ENABLE_OBJC_WEAK = YES;
				CLANG_WARN_BLOCK_CAPTURE_AUTORELEASING = YES;
				CLANG_WARN_BOOL_CONVERSION = YES;
				CLANG_WARN_COMMA = YES;
				CLANG_WARN_CONSTANT_CONVERSION = YES;
				CLANG_WARN_DEPRECATED_OBJC_IMPLEMENTATIONS = YES;
				CLANG_WARN_DIRECT_OBJC_ISA_USAGE = YES_ERROR;
				CLANG_WARN_DOCUMENTATION_COMMENTS = YES;
				CLANG_WARN_EMPTY_BODY = YES;
				CLANG_WARN_ENUM_CONVERSION = YES;
				CLANG_WARN_INFINITE_RECURSION = YES;
				CLANG_WARN_INT_CONVERSION = YES;
				CLANG_WARN_NON_LITERAL_NULL_CONVERSION = YES;
				CLANG_WARN_OBJC_IMPLICIT_RETAIN_SELF = YES;
				CLANG_WARN_OBJC_LITERAL_CONVERSION = YES;
				CLANG_WARN_OBJC_ROOT_CLASS = YES_ERROR;
				CLANG_WARN_QUOTED_INCLUDE_IN_FRAMEWORK_HEADER = YES;
				CLANG_WARN_RANGE_LOOP_ANALYSIS = YES;
				CLANG_WARN_STRICT_PROTOTYPES = YES;
				CLANG_WARN_SUSPICIOUS_MOVE = YES;
				CLANG_WARN_UNGUARDED_AVAILABILITY = YES_AGGRESSIVE;
				CLANG_WARN_UNREACHABLE_CODE = YES;
				CLANG_WARN__DUPLICATE_METHOD_MATCH = YES;
				COPY_PHASE_STRIP = NO;
				DEBUG_INFORMATION_FORMAT = dwarf;
				ENABLE_STRICT_OBJC_MSGSEND = YES;
				ENABLE_TESTABILITY = YES;
				GCC_C_LANGUAGE_STANDARD = gnu11;
				GCC_DYNAMIC_NO_PIC = NO;
				GCC_NO_COMMON_BLOCKS = YES;
				GCC_OPTIMIZATION_LEVEL = 0;
				GCC_PREPROCESSOR_DEFINITIONS = (
					"DEBUG=1",
					"$(inherited)",
				);
				GCC_WARN_64_TO_32_BIT_CONVERSION = YES;
				GCC_WARN_ABOUT_RETURN_TYPE = YES_ERROR;
				GCC_WARN_UNDECLARED_SELECTOR = YES;
				GCC_WARN_UNINITIALIZED_AUTOS = YES_AGGRESSIVE;
				GCC_WARN_UNUSED_FUNCTION = YES;
				GCC_WARN_UNUSED_VARIABLE = YES;
				IPHONEOS_DEPLOYMENT_TARGET = 15.0;
				MTL_ENABLE_DEBUG_INFO = INCLUDE_SOURCE;
				MTL_FAST_MATH = YES;
				ONLY_ACTIVE_ARCH = YES;
				SDKROOT = iphoneos;
				SWIFT_ACTIVE_COMPILATION_CONDITIONS = DEBUG;
				SWIFT_OPTIMIZATION_LEVEL = "-Onone";
			};
			name = Debug;
		};
		0A779CD92710D9E000026A86 /* Release */ = {
			isa = XCBuildConfiguration;
			buildSettings = {
				ALWAYS_SEARCH_USER_PATHS = NO;
				CLANG_ANALYZER_NONNULL = YES;
				CLANG_ANALYZER_NUMBER_OBJECT_CONVERSION = YES_AGGRESSIVE;
				CLANG_CXX_LANGUAGE_STANDARD = "gnu++17";
				CLANG_CXX_LIBRARY = "libc++";
				CLANG_ENABLE_MODULES = YES;
				CLANG_ENABLE_OBJC_ARC = YES;
				CLANG_ENABLE_OBJC_WEAK = YES;
				CLANG_WARN_BLOCK_CAPTURE_AUTORELEASING = YES;
				CLANG_WARN_BOOL_CONVERSION = YES;
				CLANG_WARN_COMMA = YES;
				CLANG_WARN_CONSTANT_CONVERSION = YES;
				CLANG_WARN_DEPRECATED_OBJC_IMPLEMENTATIONS = YES;
				CLANG_WARN_DIRECT_OBJC_ISA_USAGE = YES_ERROR;
				CLANG_WARN_DOCUMENTATION_COMMENTS = YES;
				CLANG_WARN_EMPTY_BODY = YES;
				CLANG_WARN_ENUM_CONVERSION = YES;
				CLANG_WARN_INFINITE_RECURSION = YES;
				CLANG_WARN_INT_CONVERSION = YES;
				CLANG_WARN_NON_LITERAL_NULL_CONVERSION = YES;
				CLANG_WARN_OBJC_IMPLICIT_RETAIN_SELF = YES;
				CLANG_WARN_OBJC_LITERAL_CONVERSION = YES;
				CLANG_WARN_OBJC_ROOT_CLASS = YES_ERROR;
				CLANG_WARN_QUOTED_INCLUDE_IN_FRAMEWORK_HEADER = YES;
				CLANG_WARN_RANGE_LOOP_ANALYSIS = YES;
				CLANG_WARN_STRICT_PROTOTYPES = YES;
				CLANG_WARN_SUSPICIOUS_MOVE = YES;
				CLANG_WARN_UNGUARDED_AVAILABILITY = YES_AGGRESSIVE;
				CLANG_WARN_UNREACHABLE_CODE = YES;
				CLANG_WARN__DUPLICATE_METHOD_MATCH = YES;
				COPY_PHASE_STRIP = NO;
				DEBUG_INFORMATION_FORMAT = "dwarf-with-dsym";
				ENABLE_NS_ASSERTIONS = NO;
				ENABLE_STRICT_OBJC_MSGSEND = YES;
				GCC_C_LANGUAGE_STANDARD = gnu11;
				GCC_NO_COMMON_BLOCKS = YES;
				GCC_WARN_64_TO_32_BIT_CONVERSION = YES;
				GCC_WARN_ABOUT_RETURN_TYPE = YES_ERROR;
				GCC_WARN_UNDECLARED_SELECTOR = YES;
				GCC_WARN_UNINITIALIZED_AUTOS = YES_AGGRESSIVE;
				GCC_WARN_UNUSED_FUNCTION = YES;
				GCC_WARN_UNUSED_VARIABLE = YES;
				IPHONEOS_DEPLOYMENT_TARGET = 15.0;
				MTL_ENABLE_DEBUG_INFO = NO;
				MTL_FAST_MATH = YES;
				SDKROOT = iphoneos;
				SWIFT_COMPILATION_MODE = wholemodule;
				SWIFT_OPTIMIZATION_LEVEL = "-O";
				VALIDATE_PRODUCT = YES;
			};
			name = Release;
		};
		0A779CDB2710D9E000026A86 /* Debug */ = {
			isa = XCBuildConfiguration;
			buildSettings = {
				ASSETCATALOG_COMPILER_APPICON_NAME = AppIcon;
				ASSETCATALOG_COMPILER_GLOBAL_ACCENT_COLOR_NAME = AccentColor;
				CODE_SIGN_STYLE = Automatic;
				CURRENT_PROJECT_VERSION = 1;
				DEVELOPMENT_ASSET_PATHS = "\"Black Jack Trainer/Preview Content\"";
				DEVELOPMENT_TEAM = CV5PJSAH7N;
				ENABLE_PREVIEWS = YES;
				GENERATE_INFOPLIST_FILE = YES;
				INFOPLIST_KEY_UIApplicationSceneManifest_Generation = YES;
				INFOPLIST_KEY_UIApplicationSupportsIndirectInputEvents = YES;
				INFOPLIST_KEY_UILaunchScreen_Generation = YES;
				INFOPLIST_KEY_UISupportedInterfaceOrientations_iPad = "UIInterfaceOrientationPortrait UIInterfaceOrientationPortraitUpsideDown UIInterfaceOrientationLandscapeLeft UIInterfaceOrientationLandscapeRight";
				INFOPLIST_KEY_UISupportedInterfaceOrientations_iPhone = "UIInterfaceOrientationPortrait UIInterfaceOrientationLandscapeLeft UIInterfaceOrientationLandscapeRight";
				IPHONEOS_DEPLOYMENT_TARGET = 15.0;
				LD_RUNPATH_SEARCH_PATHS = (
					"$(inherited)",
					"@executable_path/Frameworks",
				);
				MARKETING_VERSION = 1.0;
				PRODUCT_BUNDLE_IDENTIFIER = "com.clusterdb.Black-Jack-Trainer";
				PRODUCT_NAME = "$(TARGET_NAME)";
				SWIFT_EMIT_LOC_STRINGS = YES;
				SWIFT_VERSION = 5.0;
				TARGETED_DEVICE_FAMILY = "1,2";
			};
			name = Debug;
		};
		0A779CDC2710D9E000026A86 /* Release */ = {
			isa = XCBuildConfiguration;
			buildSettings = {
				ASSETCATALOG_COMPILER_APPICON_NAME = AppIcon;
				ASSETCATALOG_COMPILER_GLOBAL_ACCENT_COLOR_NAME = AccentColor;
				CODE_SIGN_STYLE = Automatic;
				CURRENT_PROJECT_VERSION = 1;
				DEVELOPMENT_ASSET_PATHS = "\"Black Jack Trainer/Preview Content\"";
				DEVELOPMENT_TEAM = CV5PJSAH7N;
				ENABLE_PREVIEWS = YES;
				GENERATE_INFOPLIST_FILE = YES;
				INFOPLIST_KEY_UIApplicationSceneManifest_Generation = YES;
				INFOPLIST_KEY_UIApplicationSupportsIndirectInputEvents = YES;
				INFOPLIST_KEY_UILaunchScreen_Generation = YES;
				INFOPLIST_KEY_UISupportedInterfaceOrientations_iPad = "UIInterfaceOrientationPortrait UIInterfaceOrientationPortraitUpsideDown UIInterfaceOrientationLandscapeLeft UIInterfaceOrientationLandscapeRight";
				INFOPLIST_KEY_UISupportedInterfaceOrientations_iPhone = "UIInterfaceOrientationPortrait UIInterfaceOrientationLandscapeLeft UIInterfaceOrientationLandscapeRight";
				IPHONEOS_DEPLOYMENT_TARGET = 15.0;
				LD_RUNPATH_SEARCH_PATHS = (
					"$(inherited)",
					"@executable_path/Frameworks",
				);
				MARKETING_VERSION = 1.0;
				PRODUCT_BUNDLE_IDENTIFIER = "com.clusterdb.Black-Jack-Trainer";
				PRODUCT_NAME = "$(TARGET_NAME)";
				SWIFT_EMIT_LOC_STRINGS = YES;
				SWIFT_VERSION = 5.0;
				TARGETED_DEVICE_FAMILY = "1,2";
			};
			name = Release;
		};
/* End XCBuildConfiguration section */

/* Begin XCConfigurationList section */
		0A779CC72710D9DE00026A86 /* Build configuration list for PBXProject "Black Jack Trainer" */ = {
			isa = XCConfigurationList;
			buildConfigurations = (
				0A779CD82710D9E000026A86 /* Debug */,
				0A779CD92710D9E000026A86 /* Release */,
			);
			defaultConfigurationIsVisible = 0;
			defaultConfigurationName = Release;
		};
		0A779CDA2710D9E000026A86 /* Build configuration list for PBXNativeTarget "Black Jack Trainer" */ = {
			isa = XCConfigurationList;
			buildConfigurations = (
				0A779CDB2710D9E000026A86 /* Debug */,
				0A779CDC2710D9E000026A86 /* Release */,
			);
			defaultConfigurationIsVisible = 0;
			defaultConfigurationName = Release;
		};
/* End XCConfigurationList section */

/* Begin XCRemoteSwiftPackageReference section */
		0AB346662715A10B00806633 /* XCRemoteSwiftPackageReference "realm-cocoa" */ = {
			isa = XCRemoteSwiftPackageReference;
			repositoryURL = "https://github.com/realm/realm-cocoa";
			requirement = {
				branch = master;
				kind = branch;
			};
		};
/* End XCRemoteSwiftPackageReference section */

/* Begin XCSwiftPackageProductDependency section */
		0AB346672715A10B00806633 /* Realm */ = {
			isa = XCSwiftPackageProductDependency;
			package = 0AB346662715A10B00806633 /* XCRemoteSwiftPackageReference "realm-cocoa" */;
			productName = Realm;
		};
		0AB346692715A10B00806633 /* RealmSwift */ = {
			isa = XCSwiftPackageProductDependency;
			package = 0AB346662715A10B00806633 /* XCRemoteSwiftPackageReference "realm-cocoa" */;
			productName = RealmSwift;
		};
/* End XCSwiftPackageProductDependency section */
	};
	rootObject = 0A779CC42710D9DE00026A86 /* Project object */;
}
